
Microsoft Visual Studio Solution File, Format Version 12.00
# Visual Studio Version 17
VisualStudioVersion = 17.7.34031.279
MinimumVisualStudioVersion = 10.0.40219.1
Project("{9A19103F-16F7-4668-BE54-9A1E7A4F7556}") = "PraktikiTapsiriq", "ConsoleApp1\PraktikiTapsiriq.csproj", "{264B4472-6342-4E3E-966D-D4A41C1AF170}"
EndProject
Global
	GlobalSection(SolutionConfigurationPlatforms) = preSolution
		Debug|Any CPU = Debug|Any CPU
		Release|Any CPU = Release|Any CPU
	EndGlobalSection
	GlobalSection(ProjectConfigurationPlatforms) = postSolution
		{264B4472-6342-4E3E-966D-D4A41C1AF170}.Debug|Any CPU.ActiveCfg = Debug|Any CPU
		{264B4472-6342-4E3E-966D-D4A41C1AF170}.Debug|Any CPU.Build.0 = Debug|Any CPU
		{264B4472-6342-4E3E-966D-D4A41C1AF170}.Release|Any CPU.ActiveCfg = Release|Any CPU
		{264B4472-6342-4E3E-966D-D4A41C1AF170}.Release|Any CPU.Build.0 = Release|Any CPU
	EndGlobalSection
	GlobalSection(SolutionProperties) = preSolution
		HideSolutionNode = FALSE
	EndGlobalSection
	GlobalSection(ExtensibilityGlobals) = postSolution
		SolutionGuid = {7F441183-E7D9-4CF0-8188-78E97F211659}
	EndGlobalSection
EndGlobal
